
Microsoft Visual Studio Solution File, Format Version 11.00
# Visual Studio 2010
Project("{8BC9CEB8-8B4A-11D0-8D11-00A0C91BC942}") = "obergNET", "obergNET\obergNET.vcxproj", "{424E20AF-A0C6-45A2-B997-93E4B2E98B00}"
EndProject
Global
	GlobalSection(SolutionConfigurationPlatforms) = preSolution
		Debug|Win32 = Debug|Win32
		Release|Win32 = Release|Win32
	EndGlobalSection
	GlobalSection(ProjectConfigurationPlatforms) = postSolution
		{424E20AF-A0C6-45A2-B997-93E4B2E98B00}.Debug|Win32.ActiveCfg = Debug|Win32
		{424E20AF-A0C6-45A2-B997-93E4B2E98B00}.Debug|Win32.Build.0 = Debug|Win32
		{424E20AF-A0C6-45A2-B997-93E4B2E98B00}.Release|Win32.ActiveCfg = Release|Win32
		{424E20AF-A0C6-45A2-B997-93E4B2E98B00}.Release|Win32.Build.0 = Release|Win32
	EndGlobalSection
	GlobalSection(SolutionProperties) = preSolution
		HideSolutionNode = FALSE
	EndGlobalSection
EndGlobal
